
Microsoft Visual Studio Solution File, Format Version 12.00
# Visual Studio Version 17
VisualStudioVersion = 17.8.34408.163
MinimumVisualStudioVersion = 10.0.40219.1
Project("{9A19103F-16F7-4668-BE54-9A1E7A4F7556}") = "Restia.Common", "Common\Restia.Common\Restia.Common.csproj", "{96062A62-B98D-46B2-B048-C1D656510F66}"
EndProject
Project("{9A19103F-16F7-4668-BE54-9A1E7A4F7556}") = "Restia.Playground", "Restia.Playground\Restia.Playground.csproj", "{D9DFA0A6-A81E-4E13-A84A-286AA5111A84}"
EndProject
Global
	GlobalSection(SolutionConfigurationPlatforms) = preSolution
		Debug|Any CPU = Debug|Any CPU
		Release|Any CPU = Release|Any CPU
	EndGlobalSection
	GlobalSection(ProjectConfigurationPlatforms) = postSolution
		{96062A62-B98D-46B2-B048-C1D656510F66}.Debug|Any CPU.ActiveCfg = Debug|Any CPU
		{96062A62-B98D-46B2-B048-C1D656510F66}.Debug|Any CPU.Build.0 = Debug|Any CPU
		{96062A62-B98D-46B2-B048-C1D656510F66}.Release|Any CPU.ActiveCfg = Release|Any CPU
		{96062A62-B98D-46B2-B048-C1D656510F66}.Release|Any CPU.Build.0 = Release|Any CPU
		{D9DFA0A6-A81E-4E13-A84A-286AA5111A84}.Debug|Any CPU.ActiveCfg = Debug|Any CPU
		{D9DFA0A6-A81E-4E13-A84A-286AA5111A84}.Debug|Any CPU.Build.0 = Debug|Any CPU
		{D9DFA0A6-A81E-4E13-A84A-286AA5111A84}.Release|Any CPU.ActiveCfg = Release|Any CPU
		{D9DFA0A6-A81E-4E13-A84A-286AA5111A84}.Release|Any CPU.Build.0 = Release|Any CPU
	EndGlobalSection
	GlobalSection(SolutionProperties) = preSolution
		HideSolutionNode = FALSE
	EndGlobalSection
	GlobalSection(ExtensibilityGlobals) = postSolution
		SolutionGuid = {89B8027C-801F-4147-B0FC-C725E2979FB5}
	EndGlobalSection
EndGlobal
